
Microsoft Visual Studio Solution File, Format Version 12.00
# Visual Studio 15
VisualStudioVersion = 15.0.28307.168
MinimumVisualStudioVersion = 10.0.40219.1
Project("{FAE04EC0-301F-11D3-BF4B-00C04F79EFBC}") = "Quick1", "Quick1\Quick1.csproj", "{4931B234-8C73-49BE-9BB5-76D14A6CECFB}"
EndProject
Global
	GlobalSection(SolutionConfigurationPlatforms) = preSolution
		Debug|Any CPU = Debug|Any CPU
		Release|Any CPU = Release|Any CPU
	EndGlobalSection
	GlobalSection(ProjectConfigurationPlatforms) = postSolution
		{4931B234-8C73-49BE-9BB5-76D14A6CECFB}.Debug|Any CPU.ActiveCfg = Debug|Any CPU
		{4931B234-8C73-49BE-9BB5-76D14A6CECFB}.Debug|Any CPU.Build.0 = Debug|Any CPU
		{4931B234-8C73-49BE-9BB5-76D14A6CECFB}.Release|Any CPU.ActiveCfg = Release|Any CPU
		{4931B234-8C73-49BE-9BB5-76D14A6CECFB}.Release|Any CPU.Build.0 = Release|Any CPU
	EndGlobalSection
	GlobalSection(SolutionProperties) = preSolution
		HideSolutionNode = FALSE
	EndGlobalSection
	GlobalSection(ExtensibilityGlobals) = postSolution
		SolutionGuid = {DBDC9BF5-7739-4B31-91FD-84E06929DDFA}
	EndGlobalSection
EndGlobal
